
Microsoft Visual Studio Solution File, Format Version 12.00
# Visual Studio Version 17
VisualStudioVersion = 17.14.36202.13 d17.14
MinimumVisualStudioVersion = 10.0.40219.1
Project("{FAE04EC0-301F-11D3-BF4B-00C04F79EFBC}") = "Motorbike", "Motorbike\Motorbike.csproj", "{3637454B-79DF-47B8-8D6D-C6E79630ECC5}"
EndProject
Global
	GlobalSection(SolutionConfigurationPlatforms) = preSolution
		Debug|Any CPU = Debug|Any CPU
		Release|Any CPU = Release|Any CPU
	EndGlobalSection
	GlobalSection(ProjectConfigurationPlatforms) = postSolution
		{3637454B-79DF-47B8-8D6D-C6E79630ECC5}.Debug|Any CPU.ActiveCfg = Debug|Any CPU
		{3637454B-79DF-47B8-8D6D-C6E79630ECC5}.Debug|Any CPU.Build.0 = Debug|Any CPU
		{3637454B-79DF-47B8-8D6D-C6E79630ECC5}.Release|Any CPU.ActiveCfg = Release|Any CPU
		{3637454B-79DF-47B8-8D6D-C6E79630ECC5}.Release|Any CPU.Build.0 = Release|Any CPU
	EndGlobalSection
	GlobalSection(SolutionProperties) = preSolution
		HideSolutionNode = FALSE
	EndGlobalSection
	GlobalSection(ExtensibilityGlobals) = postSolution
		SolutionGuid = {276B0D97-226D-4166-9B11-45BAE953941F}
	EndGlobalSection
EndGlobal
